
Microsoft Visual Studio Solution File, Format Version 12.00
# Visual Studio 2012
Project("{FAE04EC0-301F-11D3-BF4B-00C04F79EFBC}") = "AventyrligaKontakter", "AventyrligaKontakter\AventyrligaKontakter.csproj", "{E8B5DAA1-53F1-403E-BFCA-5B79169663D4}"
EndProject
Global
	GlobalSection(SolutionConfigurationPlatforms) = preSolution
		Debug|Any CPU = Debug|Any CPU
		Release|Any CPU = Release|Any CPU
	EndGlobalSection
	GlobalSection(ProjectConfigurationPlatforms) = postSolution
		{E8B5DAA1-53F1-403E-BFCA-5B79169663D4}.Debug|Any CPU.ActiveCfg = Debug|Any CPU
		{E8B5DAA1-53F1-403E-BFCA-5B79169663D4}.Debug|Any CPU.Build.0 = Debug|Any CPU
		{E8B5DAA1-53F1-403E-BFCA-5B79169663D4}.Release|Any CPU.ActiveCfg = Release|Any CPU
		{E8B5DAA1-53F1-403E-BFCA-5B79169663D4}.Release|Any CPU.Build.0 = Release|Any CPU
	EndGlobalSection
	GlobalSection(SolutionProperties) = preSolution
		HideSolutionNode = FALSE
	EndGlobalSection
EndGlobal
